
Microsoft Visual Studio Solution File, Format Version 12.00
# Visual Studio Version 17
VisualStudioVersion = 17.14.36518.9 d17.14
MinimumVisualStudioVersion = 10.0.40219.1
Project("{FAE04EC0-301F-11D3-BF4B-00C04F79EFBC}") = "Мониторинг и прогнозирование пробок", "Мониторинг и прогнозирование пробок\Мониторинг и прогнозирование пробок.csproj", "{43F3EBA8-F71F-4FC3-AF6F-1682A95FA0D7}"
EndProject
Global
	GlobalSection(SolutionConfigurationPlatforms) = preSolution
		Debug|Any CPU = Debug|Any CPU
		Release|Any CPU = Release|Any CPU
	EndGlobalSection
	GlobalSection(ProjectConfigurationPlatforms) = postSolution
		{43F3EBA8-F71F-4FC3-AF6F-1682A95FA0D7}.Debug|Any CPU.ActiveCfg = Debug|Any CPU
		{43F3EBA8-F71F-4FC3-AF6F-1682A95FA0D7}.Debug|Any CPU.Build.0 = Debug|Any CPU
		{43F3EBA8-F71F-4FC3-AF6F-1682A95FA0D7}.Release|Any CPU.ActiveCfg = Release|Any CPU
		{43F3EBA8-F71F-4FC3-AF6F-1682A95FA0D7}.Release|Any CPU.Build.0 = Release|Any CPU
	EndGlobalSection
	GlobalSection(SolutionProperties) = preSolution
		HideSolutionNode = FALSE
	EndGlobalSection
	GlobalSection(ExtensibilityGlobals) = postSolution
		SolutionGuid = {A70A76B1-6B65-4D79-BBAE-3B7E1D134F1A}
	EndGlobalSection
EndGlobal
